{
  "name": "nfc-card-designer",
  "lockfileVersion": 3,
  "requires": true,
  "packages": {
    "": {
      "name": "nfc-card-designer",
      "devDependencies": {
        "@retroachievements/api": "^2.10.0"
      }
    },
    "node_modules/@retroachievements/api": {
      "version": "2.10.0",
      "resolved": "https://registry.npmjs.org/@retroachievements/api/-/api-2.10.0.tgz",
      "integrity": "sha512-dLEnjtdhyl8PdKKMa6Itian8eDHNlP8KguY0r6egAQIR/q/8EOLS62cfjhKScMn/y/YwhXCz4+eCEVjYAwBnsg==",
      "dev": true,
      "license": "MIT",
      "engines": {
        "node": ">=16"
      }
    }
  }
}
